<?xml version="1.0" encoding="utf-8"?>
<Project ToolsVersion="4.0" xmlns="http://schemas.microsoft.com/developer/msbuild/2003">
  <ItemGroup>
    <Filter Include="Source Files">
      <UniqueIdentifier>{4FC737F1-C7A5-4376-A066-2A32D752A2FF}</UniqueIdentifier>
      <Extensions>cpp;c;cc;cxx;def;odl;idl;hpj;bat;asm;asmx</Extensions>
    </Filter>
    <Filter Include="Header Files">
      <UniqueIdentifier>{93995380-89BD-4b04-88EB-625FBE52EBFB}</UniqueIdentifier>
      <Extensions>h;hh;hpp;hxx;hm;inl;inc;ipp;xsd</Extensions>
    </Filter>
    <Filter Include="Resource Files">
      <UniqueIdentifier>{67DA6AB6-F800-4c08-8B7A-83BB121AAD01}</UniqueIdentifier>
      <Extensions>rc;ico;cur;bmp;dlg;rc2;rct;bin;rgs;gif;jpg;jpeg;jpe;resx;tiff;tif;png;wav;mfcribbon-ms</Extensions>
    </Filter>
    <Filter Include="Engine">
      <UniqueIdentifier>{fc93857a-8cfd-47e3-baaa-5684b865bfd9}</UniqueIdentifier>
    </Filter>
    <Filter Include="Engine\Managers">
      <UniqueIdentifier>{e17def52-8aa0-4f77-8dc5-251f90b7fe3e}</UniqueIdentifier>
    </Filter>
    <Filter Include="Engine\Models">
      <UniqueIdentifier>{0856ec7e-436a-435d-9d56-62df6322f0db}</UniqueIdentifier>
    </Filter>
    <Filter Include="Helpers">
      <UniqueIdentifier>{f6c085c8-80d9-422f-88c9-0257f5352c52}</UniqueIdentifier>
    </Filter>
    <Filter Include="Engine\Shaders">
      <UniqueIdentifier>{bbe3bacd-3d24-42b9-b037-828ccd4b0ab0}</UniqueIdentifier>
    </Filter>
    <Filter Include="Game">
      <UniqueIdentifier>{2068ccfd-00d4-439d-86d0-e6ae4c56fcbd}</UniqueIdentifier>
    </Filter>
    <Filter Include="Game\Entities">
      <UniqueIdentifier>{014a9b09-72c4-454d-90c4-3f0e55cc0b0a}</UniqueIdentifier>
    </Filter>
    <Filter Include="Engine\Models\Loaders">
      <UniqueIdentifier>{67e41aaf-e234-4002-8e05-08ed605c69d6}</UniqueIdentifier>
    </Filter>
    <Filter Include="Engine\Logging">
      <UniqueIdentifier>{079be2bd-88a2-4786-80cc-3426bec7909a}</UniqueIdentifier>
    </Filter>
    <Filter Include="Engine\Lights">
      <UniqueIdentifier>{a1bf7b00-0fd6-4841-88e3-6a5e02fbf6ab}</UniqueIdentifier>
    </Filter>
    <Filter Include="Engine\Time">
      <UniqueIdentifier>{47bf097e-c960-4ff0-a3b8-46c80d31056f}</UniqueIdentifier>
    </Filter>
  </ItemGroup>
  <ItemGroup>
    <ClCompile Include="CrossWars2.cpp">
      <Filter>Source Files</Filter>
    </ClCompile>
    <ClCompile Include="Engine.cpp">
      <Filter>Engine</Filter>
    </ClCompile>
    <ClCompile Include="WindowManager.cpp">
      <Filter>Engine\Managers</Filter>
    </ClCompile>
    <ClCompile Include="ModelData.cpp">
      <Filter>Engine\Models</Filter>
    </ClCompile>
    <ClCompile Include="ModelManager.cpp">
      <Filter>Engine\Managers</Filter>
    </ClCompile>
    <ClCompile Include="ShaderManager.cpp">
      <Filter>Engine\Managers</Filter>
    </ClCompile>
    <ClCompile Include="RenderManager.cpp">
      <Filter>Engine\Managers</Filter>
    </ClCompile>
    <ClCompile Include="FileLoader.cpp">
      <Filter>Helpers</Filter>
    </ClCompile>
    <ClCompile Include="ProtoShader.cpp">
      <Filter>Engine\Shaders</Filter>
    </ClCompile>
    <ClCompile Include="StandardShader.cpp">
      <Filter>Engine\Shaders</Filter>
    </ClCompile>
    <ClCompile Include="TextureData.cpp">
      <Filter>Engine\Models</Filter>
    </ClCompile>
    <ClCompile Include="Model.cpp">
      <Filter>Engine\Models</Filter>
    </ClCompile>
    <ClCompile Include="MathHelper.cpp">
      <Filter>Helpers</Filter>
    </ClCompile>
    <ClCompile Include="BaseEntity.cpp">
      <Filter>Game\Entities</Filter>
    </ClCompile>
    <ClCompile Include="Camera.cpp">
      <Filter>Game</Filter>
    </ClCompile>
    <ClCompile Include="ObjFormatLoader.cpp">
      <Filter>Engine\Models\Loaders</Filter>
    </ClCompile>
    <ClCompile Include="Logger.cpp">
      <Filter>Engine\Logging</Filter>
    </ClCompile>
    <ClCompile Include="LightShader.cpp">
      <Filter>Engine\Shaders</Filter>
    </ClCompile>
    <ClCompile Include="MouseManager.cpp">
      <Filter>Engine\Managers</Filter>
    </ClCompile>
    <ClCompile Include="DeltaTime.cpp">
      <Filter>Engine\Time</Filter>
    </ClCompile>
  </ItemGroup>
  <ItemGroup>
    <ClInclude Include="Engine.h">
      <Filter>Engine</Filter>
    </ClInclude>
    <ClInclude Include="Singleton.h">
      <Filter>Source Files</Filter>
    </ClInclude>
    <ClInclude Include="WindowManager.h">
      <Filter>Engine\Managers</Filter>
    </ClInclude>
    <ClInclude Include="ModelData.h">
      <Filter>Engine\Models</Filter>
    </ClInclude>
    <ClInclude Include="ModelManager.h">
      <Filter>Engine\Managers</Filter>
    </ClInclude>
    <ClInclude Include="ShaderManager.h">
      <Filter>Engine\Managers</Filter>
    </ClInclude>
    <ClInclude Include="Defines.h">
      <Filter>Helpers</Filter>
    </ClInclude>
    <ClInclude Include="SDLHelpers.h">
      <Filter>Helpers</Filter>
    </ClInclude>
    <ClInclude Include="RenderManager.h">
      <Filter>Engine\Managers</Filter>
    </ClInclude>
    <ClInclude Include="FileLoader.h">
      <Filter>Helpers</Filter>
    </ClInclude>
    <ClInclude Include="FileTypes.h">
      <Filter>Helpers</Filter>
    </ClInclude>
    <ClInclude Include="ProtoShader.h">
      <Filter>Engine\Shaders</Filter>
    </ClInclude>
    <ClInclude Include="StandardShader.h">
      <Filter>Engine\Shaders</Filter>
    </ClInclude>
    <ClInclude Include="TextureData.h">
      <Filter>Engine\Models</Filter>
    </ClInclude>
    <ClInclude Include="Model.h">
      <Filter>Engine\Models</Filter>
    </ClInclude>
    <ClInclude Include="MathHelper.h">
      <Filter>Helpers</Filter>
    </ClInclude>
    <ClInclude Include="BaseEntity.h">
      <Filter>Game\Entities</Filter>
    </ClInclude>
    <ClInclude Include="Camera.h">
      <Filter>Game</Filter>
    </ClInclude>
    <ClInclude Include="ObjFormatLoader.h">
      <Filter>Engine\Models\Loaders</Filter>
    </ClInclude>
    <ClInclude Include="Logger.h">
      <Filter>Engine\Logging</Filter>
    </ClInclude>
    <ClInclude Include="LightShader.h">
      <Filter>Engine\Shaders</Filter>
    </ClInclude>
    <ClInclude Include="MouseManager.h">
      <Filter>Engine\Managers</Filter>
    </ClInclude>
    <ClInclude Include="DeltaTime.h">
      <Filter>Engine\Time</Filter>
    </ClInclude>
  </ItemGroup>
</Project>