
Microsoft Visual Studio Solution File, Format Version 12.00
# Visual Studio 15
VisualStudioVersion = 15.0.28307.168
MinimumVisualStudioVersion = 10.0.40219.1
Project("{8BC9CEB8-8B4A-11D0-8D11-00A0C91BC942}") = "CrossWars2", "CrossWars2.vcxproj", "{79099807-EA0B-4707-B0FA-3941DD3B5DAB}"
EndProject
Global
	GlobalSection(SolutionConfigurationPlatforms) = preSolution
		Debug|x64 = Debug|x64
		Debug|x86 = Debug|x86
		Release|x64 = Release|x64
		Release|x86 = Release|x86
	EndGlobalSection
	GlobalSection(ProjectConfigurationPlatforms) = postSolution
		{79099807-EA0B-4707-B0FA-3941DD3B5DAB}.Debug|x64.ActiveCfg = Debug|x64
		{79099807-EA0B-4707-B0FA-3941DD3B5DAB}.Debug|x64.Build.0 = Debug|x64
		{79099807-EA0B-4707-B0FA-3941DD3B5DAB}.Debug|x86.ActiveCfg = Debug|Win32
		{79099807-EA0B-4707-B0FA-3941DD3B5DAB}.Debug|x86.Build.0 = Debug|Win32
		{79099807-EA0B-4707-B0FA-3941DD3B5DAB}.Release|x64.ActiveCfg = Release|x64
		{79099807-EA0B-4707-B0FA-3941DD3B5DAB}.Release|x64.Build.0 = Release|x64
		{79099807-EA0B-4707-B0FA-3941DD3B5DAB}.Release|x86.ActiveCfg = Release|Win32
		{79099807-EA0B-4707-B0FA-3941DD3B5DAB}.Release|x86.Build.0 = Release|Win32
	EndGlobalSection
	GlobalSection(SolutionProperties) = preSolution
		HideSolutionNode = FALSE
	EndGlobalSection
	GlobalSection(ExtensibilityGlobals) = postSolution
		SolutionGuid = {BB974E83-37BB-4EF5-8994-1D3C161D4C0B}
	EndGlobalSection
EndGlobal
